// !$*UTF8*$!
{
	archiveVersion = 1;
	classes = {
	};
	objectVersion = 55;
	objects = {

/* Begin PBXBuildFile section */
		53209BD227454E4E0098D13B /* ToolBox.swift in Sources */ = {isa = PBXBuildFile; fileRef = 53209BD127454E4E0098D13B /* ToolBox.swift */; };
		53537E602743501B00849494 /* Networking file.swift in Sources */ = {isa = PBXBuildFile; fileRef = 53537E5F2743501B00849494 /* Networking file.swift */; };
		53537E622743988E00849494 /* NetWorkManager.swift in Sources */ = {isa = PBXBuildFile; fileRef = 53537E612743988E00849494 /* NetWorkManager.swift */; };
		53537E672743996B00849494 /* GalleryParameterModel.swift in Sources */ = {isa = PBXBuildFile; fileRef = 53537E662743996B00849494 /* GalleryParameterModel.swift */; };
		53537E692743A94500849494 /* DataModel.swift in Sources */ = {isa = PBXBuildFile; fileRef = 53537E682743A94500849494 /* DataModel.swift */; };
		53537E6B2743FDB100849494 /* PinterestLayout.swift in Sources */ = {isa = PBXBuildFile; fileRef = 53537E6A2743FDB000849494 /* PinterestLayout.swift */; };
		53537E6D27450AFC00849494 /* GalleryModel.swift in Sources */ = {isa = PBXBuildFile; fileRef = 53537E6C27450AFC00849494 /* GalleryModel.swift */; };
		5394B64327460E2A004D0A5B /* DetailViewController.swift in Sources */ = {isa = PBXBuildFile; fileRef = 5394B64227460E2A004D0A5B /* DetailViewController.swift */; };
		5394B64627461196004D0A5B /* DetailTableViewCell.swift in Sources */ = {isa = PBXBuildFile; fileRef = 5394B64427461196004D0A5B /* DetailTableViewCell.swift */; };
		5394B64727461196004D0A5B /* DetailTableViewCell.xib in Resources */ = {isa = PBXBuildFile; fileRef = 5394B64527461196004D0A5B /* DetailTableViewCell.xib */; };
		5394B649274635F3004D0A5B /* DetailDataModel.swift in Sources */ = {isa = PBXBuildFile; fileRef = 5394B648274635F3004D0A5B /* DetailDataModel.swift */; };
		5394B64B274638E8004D0A5B /* DetailModel.swift in Sources */ = {isa = PBXBuildFile; fileRef = 5394B64A274638E8004D0A5B /* DetailModel.swift */; };
		53D138BF27425E0400E05A70 /* AppDelegate.swift in Sources */ = {isa = PBXBuildFile; fileRef = 53D138BE27425E0400E05A70 /* AppDelegate.swift */; };
		53D138C127425E0400E05A70 /* SceneDelegate.swift in Sources */ = {isa = PBXBuildFile; fileRef = 53D138C027425E0400E05A70 /* SceneDelegate.swift */; };
		53D138C327425E0400E05A70 /* ViewController.swift in Sources */ = {isa = PBXBuildFile; fileRef = 53D138C227425E0400E05A70 /* ViewController.swift */; };
		53D138C627425E0400E05A70 /* Main.storyboard in Resources */ = {isa = PBXBuildFile; fileRef = 53D138C427425E0400E05A70 /* Main.storyboard */; };
		53D138C827425E0800E05A70 /* Assets.xcassets in Resources */ = {isa = PBXBuildFile; fileRef = 53D138C727425E0800E05A70 /* Assets.xcassets */; };
		53D138CB27425E0800E05A70 /* LaunchScreen.storyboard in Resources */ = {isa = PBXBuildFile; fileRef = 53D138C927425E0800E05A70 /* LaunchScreen.storyboard */; };
		53D138D42742639000E05A70 /* ImgurCollectionViewCell.swift in Sources */ = {isa = PBXBuildFile; fileRef = 53D138D22742639000E05A70 /* ImgurCollectionViewCell.swift */; };
		53D138D52742639000E05A70 /* ImgurCollectionViewCell.xib in Resources */ = {isa = PBXBuildFile; fileRef = 53D138D32742639000E05A70 /* ImgurCollectionViewCell.xib */; };
		53E298B4274E8310000AC971 /* CommentsDataModel.swift in Sources */ = {isa = PBXBuildFile; fileRef = 53E298B3274E8310000AC971 /* CommentsDataModel.swift */; };
		53E298B6274E86D1000AC971 /* CommentsModel.swift in Sources */ = {isa = PBXBuildFile; fileRef = 53E298B5274E86D1000AC971 /* CommentsModel.swift */; };
/* End PBXBuildFile section */

/* Begin PBXFileReference section */
		53209BD127454E4E0098D13B /* ToolBox.swift */ = {isa = PBXFileReference; lastKnownFileType = sourcecode.swift; path = ToolBox.swift; sourceTree = "<group>"; };
		53537E5F2743501B00849494 /* Networking file.swift */ = {isa = PBXFileReference; lastKnownFileType = sourcecode.swift; path = "Networking file.swift"; sourceTree = "<group>"; };
		53537E612743988E00849494 /* NetWorkManager.swift */ = {isa = PBXFileReference; lastKnownFileType = sourcecode.swift; path = NetWorkManager.swift; sourceTree = "<group>"; };
		53537E662743996B00849494 /* GalleryParameterModel.swift */ = {isa = PBXFileReference; lastKnownFileType = sourcecode.swift; path = GalleryParameterModel.swift; sourceTree = "<group>"; };
		53537E682743A94500849494 /* DataModel.swift */ = {isa = PBXFileReference; lastKnownFileType = sourcecode.swift; path = DataModel.swift; sourceTree = "<group>"; };
		53537E6A2743FDB000849494 /* PinterestLayout.swift */ = {isa = PBXFileReference; lastKnownFileType = sourcecode.swift; path = PinterestLayout.swift; sourceTree = "<group>"; };
		53537E6C27450AFC00849494 /* GalleryModel.swift */ = {isa = PBXFileReference; lastKnownFileType = sourcecode.swift; path = GalleryModel.swift; sourceTree = "<group>"; };
		5394B64227460E2A004D0A5B /* DetailViewController.swift */ = {isa = PBXFileReference; lastKnownFileType = sourcecode.swift; path = DetailViewController.swift; sourceTree = "<group>"; };
		5394B64427461196004D0A5B /* DetailTableViewCell.swift */ = {isa = PBXFileReference; lastKnownFileType = sourcecode.swift; path = DetailTableViewCell.swift; sourceTree = "<group>"; };
		5394B64527461196004D0A5B /* DetailTableViewCell.xib */ = {isa = PBXFileReference; lastKnownFileType = file.xib; path = DetailTableViewCell.xib; sourceTree = "<group>"; };
		5394B648274635F3004D0A5B /* DetailDataModel.swift */ = {isa = PBXFileReference; lastKnownFileType = sourcecode.swift; path = DetailDataModel.swift; sourceTree = "<group>"; };
		5394B64A274638E8004D0A5B /* DetailModel.swift */ = {isa = PBXFileReference; lastKnownFileType = sourcecode.swift; path = DetailModel.swift; sourceTree = "<group>"; };
		53D138BB27425E0400E05A70 /* ImgurRedo.app */ = {isa = PBXFileReference; explicitFileType = wrapper.application; includeInIndex = 0; path = ImgurRedo.app; sourceTree = BUILT_PRODUCTS_DIR; };
		53D138BE27425E0400E05A70 /* AppDelegate.swift */ = {isa = PBXFileReference; lastKnownFileType = sourcecode.swift; path = AppDelegate.swift; sourceTree = "<group>"; };
		53D138C027425E0400E05A70 /* SceneDelegate.swift */ = {isa = PBXFileReference; lastKnownFileType = sourcecode.swift; path = SceneDelegate.swift; sourceTree = "<group>"; };
		53D138C227425E0400E05A70 /* ViewController.swift */ = {isa = PBXFileReference; lastKnownFileType = sourcecode.swift; path = ViewController.swift; sourceTree = "<group>"; };
		53D138C527425E0400E05A70 /* Base */ = {isa = PBXFileReference; lastKnownFileType = file.storyboard; name = Base; path = Base.lproj/Main.storyboard; sourceTree = "<group>"; };
		53D138C727425E0800E05A70 /* Assets.xcassets */ = {isa = PBXFileReference; lastKnownFileType = folder.assetcatalog; path = Assets.xcassets; sourceTree = "<group>"; };
		53D138CA27425E0800E05A70 /* Base */ = {isa = PBXFileReference; lastKnownFileType = file.storyboard; name = Base; path = Base.lproj/LaunchScreen.storyboard; sourceTree = "<group>"; };
		53D138CC27425E0800E05A70 /* Info.plist */ = {isa = PBXFileReference; lastKnownFileType = text.plist.xml; path = Info.plist; sourceTree = "<group>"; };
		53D138D22742639000E05A70 /* ImgurCollectionViewCell.swift */ = {isa = PBXFileReference; lastKnownFileType = sourcecode.swift; path = ImgurCollectionViewCell.swift; sourceTree = "<group>"; };
		53D138D32742639000E05A70 /* ImgurCollectionViewCell.xib */ = {isa = PBXFileReference; lastKnownFileType = file.xib; path = ImgurCollectionViewCell.xib; sourceTree = "<group>"; };
		53E298B3274E8310000AC971 /* CommentsDataModel.swift */ = {isa = PBXFileReference; lastKnownFileType = sourcecode.swift; path = CommentsDataModel.swift; sourceTree = "<group>"; };
		53E298B5274E86D1000AC971 /* CommentsModel.swift */ = {isa = PBXFileReference; lastKnownFileType = sourcecode.swift; path = CommentsModel.swift; sourceTree = "<group>"; };
/* End PBXFileReference section */

/* Begin PBXFrameworksBuildPhase section */
		53D138B827425E0400E05A70 /* Frameworks */ = {
			isa = PBXFrameworksBuildPhase;
			buildActionMask = 2147483647;
			files = (
			);
			runOnlyForDeploymentPostprocessing = 0;
		};
/* End PBXFrameworksBuildPhase section */

/* Begin PBXGroup section */
		53209BD02745354A0098D13B /* ToolBox */ = {
			isa = PBXGroup;
			children = (
				53209BD127454E4E0098D13B /* ToolBox.swift */,
			);
			path = ToolBox;
			sourceTree = "<group>";
		};
		53537E5E27434FF100849494 /* Unused */ = {
			isa = PBXGroup;
			children = (
				53537E5F2743501B00849494 /* Networking file.swift */,
			);
			path = Unused;
			sourceTree = "<group>";
		};
		53537E632743989700849494 /* Controller */ = {
			isa = PBXGroup;
			children = (
				53D138C227425E0400E05A70 /* ViewController.swift */,
				53D138D22742639000E05A70 /* ImgurCollectionViewCell.swift */,
				53537E6A2743FDB000849494 /* PinterestLayout.swift */,
				5394B64227460E2A004D0A5B /* DetailViewController.swift */,
				5394B64427461196004D0A5B /* DetailTableViewCell.swift */,
			);
			path = Controller;
			sourceTree = "<group>";
		};
		53537E64274398AA00849494 /* View */ = {
			isa = PBXGroup;
			children = (
				53D138C427425E0400E05A70 /* Main.storyboard */,
				53D138D32742639000E05A70 /* ImgurCollectionViewCell.xib */,
				5394B64527461196004D0A5B /* DetailTableViewCell.xib */,
				53D138C927425E0800E05A70 /* LaunchScreen.storyboard */,
			);
			path = View;
			sourceTree = "<group>";
		};
		53537E65274398B400849494 /* Model */ = {
			isa = PBXGroup;
			children = (
				53537E612743988E00849494 /* NetWorkManager.swift */,
				53537E662743996B00849494 /* GalleryParameterModel.swift */,
				53537E682743A94500849494 /* DataModel.swift */,
				53537E6C27450AFC00849494 /* GalleryModel.swift */,
				5394B648274635F3004D0A5B /* DetailDataModel.swift */,
				5394B64A274638E8004D0A5B /* DetailModel.swift */,
				53E298B3274E8310000AC971 /* CommentsDataModel.swift */,
				53E298B5274E86D1000AC971 /* CommentsModel.swift */,
			);
			path = Model;
			sourceTree = "<group>";
		};
		53D138B227425E0400E05A70 = {
			isa = PBXGroup;
			children = (
				53D138BD27425E0400E05A70 /* ImgurRedo */,
				53D138BC27425E0400E05A70 /* Products */,
			);
			sourceTree = "<group>";
		};
		53D138BC27425E0400E05A70 /* Products */ = {
			isa = PBXGroup;
			children = (
				53D138BB27425E0400E05A70 /* ImgurRedo.app */,
			);
			name = Products;
			sourceTree = "<group>";
		};
		53D138BD27425E0400E05A70 /* ImgurRedo */ = {
			isa = PBXGroup;
			children = (
				53D138BE27425E0400E05A70 /* AppDelegate.swift */,
				53D138C027425E0400E05A70 /* SceneDelegate.swift */,
				53537E632743989700849494 /* Controller */,
				53537E64274398AA00849494 /* View */,
				53537E5E27434FF100849494 /* Unused */,
				53D138C727425E0800E05A70 /* Assets.xcassets */,
				53D138CC27425E0800E05A70 /* Info.plist */,
				53537E65274398B400849494 /* Model */,
				53209BD02745354A0098D13B /* ToolBox */,
			);
			path = ImgurRedo;
			sourceTree = "<group>";
		};
/* End PBXGroup section */

/* Begin PBXNativeTarget section */
		53D138BA27425E0400E05A70 /* ImgurRedo */ = {
			isa = PBXNativeTarget;
			buildConfigurationList = 53D138CF27425E0800E05A70 /* Build configuration list for PBXNativeTarget "ImgurRedo" */;
			buildPhases = (
				53D138B727425E0400E05A70 /* Sources */,
				53D138B827425E0400E05A70 /* Frameworks */,
				53D138B927425E0400E05A70 /* Resources */,
			);
			buildRules = (
			);
			dependencies = (
			);
			name = ImgurRedo;
			productName = ImgurRedo;
			productReference = 53D138BB27425E0400E05A70 /* ImgurRedo.app */;
			productType = "com.apple.product-type.application";
		};
/* End PBXNativeTarget section */

/* Begin PBXProject section */
		53D138B327425E0400E05A70 /* Project object */ = {
			isa = PBXProject;
			attributes = {
				BuildIndependentTargetsInParallel = 1;
				LastSwiftUpdateCheck = 1300;
				LastUpgradeCheck = 1300;
				TargetAttributes = {
					53D138BA27425E0400E05A70 = {
						CreatedOnToolsVersion = 13.0;
					};
				};
			};
			buildConfigurationList = 53D138B627425E0400E05A70 /* Build configuration list for PBXProject "ImgurRedo" */;
			compatibilityVersion = "Xcode 13.0";
			developmentRegion = en;
			hasScannedForEncodings = 0;
			knownRegions = (
				en,
				Base,
			);
			mainGroup = 53D138B227425E0400E05A70;
			productRefGroup = 53D138BC27425E0400E05A70 /* Products */;
			projectDirPath = "";
			projectRoot = "";
			targets = (
				53D138BA27425E0400E05A70 /* ImgurRedo */,
			);
		};
/* End PBXProject section */

/* Begin PBXResourcesBuildPhase section */
		53D138B927425E0400E05A70 /* Resources */ = {
			isa = PBXResourcesBuildPhase;
			buildActionMask = 2147483647;
			files = (
				53D138CB27425E0800E05A70 /* LaunchScreen.storyboard in Resources */,
				5394B64727461196004D0A5B /* DetailTableViewCell.xib in Resources */,
				53D138C827425E0800E05A70 /* Assets.xcassets in Resources */,
				53D138C627425E0400E05A70 /* Main.storyboard in Resources */,
				53D138D52742639000E05A70 /* ImgurCollectionViewCell.xib in Resources */,
			);
			runOnlyForDeploymentPostprocessing = 0;
		};
/* End PBXResourcesBuildPhase section */

/* Begin PBXSourcesBuildPhase section */
		53D138B727425E0400E05A70 /* Sources */ = {
			isa = PBXSourcesBuildPhase;
			buildActionMask = 2147483647;
			files = (
				53D138C327425E0400E05A70 /* ViewController.swift in Sources */,
				53209BD227454E4E0098D13B /* ToolBox.swift in Sources */,
				5394B649274635F3004D0A5B /* DetailDataModel.swift in Sources */,
				53E298B4274E8310000AC971 /* CommentsDataModel.swift in Sources */,
				53537E602743501B00849494 /* Networking file.swift in Sources */,
				5394B64627461196004D0A5B /* DetailTableViewCell.swift in Sources */,
				53E298B6274E86D1000AC971 /* CommentsModel.swift in Sources */,
				5394B64327460E2A004D0A5B /* DetailViewController.swift in Sources */,
				5394B64B274638E8004D0A5B /* DetailModel.swift in Sources */,
				53537E672743996B00849494 /* GalleryParameterModel.swift in Sources */,
				53537E622743988E00849494 /* NetWorkManager.swift in Sources */,
				53537E6D27450AFC00849494 /* GalleryModel.swift in Sources */,
				53D138BF27425E0400E05A70 /* AppDelegate.swift in Sources */,
				53D138C127425E0400E05A70 /* SceneDelegate.swift in Sources */,
				53537E6B2743FDB100849494 /* PinterestLayout.swift in Sources */,
				53537E692743A94500849494 /* DataModel.swift in Sources */,
				53D138D42742639000E05A70 /* ImgurCollectionViewCell.swift in Sources */,
			);
			runOnlyForDeploymentPostprocessing = 0;
		};
/* End PBXSourcesBuildPhase section */

/* Begin PBXVariantGroup section */
		53D138C427425E0400E05A70 /* Main.storyboard */ = {
			isa = PBXVariantGroup;
			children = (
				53D138C527425E0400E05A70 /* Base */,
			);
			name = Main.storyboard;
			sourceTree = "<group>";
		};
		53D138C927425E0800E05A70 /* LaunchScreen.storyboard */ = {
			isa = PBXVariantGroup;
			children = (
				53D138CA27425E0800E05A70 /* Base */,
			);
			name = LaunchScreen.storyboard;
			sourceTree = "<group>";
		};
/* End PBXVariantGroup section */

/* Begin XCBuildConfiguration section */
		53D138CD27425E0800E05A70 /* Debug */ = {
			isa = XCBuildConfiguration;
			buildSettings = {
				ALWAYS_SEARCH_USER_PATHS = NO;
				CLANG_ANALYZER_NONNULL = YES;
				CLANG_ANALYZER_NUMBER_OBJECT_CONVERSION = YES_AGGRESSIVE;
				CLANG_CXX_LANGUAGE_STANDARD = "gnu++17";
				CLANG_CXX_LIBRARY = "libc++";
				CLANG_ENABLE_MODULES = YES;
				CLANG_ENABLE_OBJC_ARC = YES;
				CLANG_ENABLE_OBJC_WEAK = YES;
				CLANG_WARN_BLOCK_CAPTURE_AUTORELEASING = YES;
				CLANG_WARN_BOOL_CONVERSION = YES;
				CLANG_WARN_COMMA = YES;
				CLANG_WARN_CONSTANT_CONVERSION = YES;
				CLANG_WARN_DEPRECATED_OBJC_IMPLEMENTATIONS = YES;
				CLANG_WARN_DIRECT_OBJC_ISA_USAGE = YES_ERROR;
				CLANG_WARN_DOCUMENTATION_COMMENTS = YES;
				CLANG_WARN_EMPTY_BODY = YES;
				CLANG_WARN_ENUM_CONVERSION = YES;
				CLANG_WARN_INFINITE_RECURSION = YES;
				CLANG_WARN_INT_CONVERSION = YES;
				CLANG_WARN_NON_LITERAL_NULL_CONVERSION = YES;
				CLANG_WARN_OBJC_IMPLICIT_RETAIN_SELF = YES;
				CLANG_WARN_OBJC_LITERAL_CONVERSION = YES;
				CLANG_WARN_OBJC_ROOT_CLASS = YES_ERROR;
				CLANG_WARN_QUOTED_INCLUDE_IN_FRAMEWORK_HEADER = YES;
				CLANG_WARN_RANGE_LOOP_ANALYSIS = YES;
				CLANG_WARN_STRICT_PROTOTYPES = YES;
				CLANG_WARN_SUSPICIOUS_MOVE = YES;
				CLANG_WARN_UNGUARDED_AVAILABILITY = YES_AGGRESSIVE;
				CLANG_WARN_UNREACHABLE_CODE = YES;
				CLANG_WARN__DUPLICATE_METHOD_MATCH = YES;
				COPY_PHASE_STRIP = NO;
				DEBUG_INFORMATION_FORMAT = dwarf;
				ENABLE_STRICT_OBJC_MSGSEND = YES;
				ENABLE_TESTABILITY = YES;
				GCC_C_LANGUAGE_STANDARD = gnu11;
				GCC_DYNAMIC_NO_PIC = NO;
				GCC_NO_COMMON_BLOCKS = YES;
				GCC_OPTIMIZATION_LEVEL = 0;
				GCC_PREPROCESSOR_DEFINITIONS = (
					"DEBUG=1",
					"$(inherited)",
				);
				GCC_WARN_64_TO_32_BIT_CONVERSION = YES;
				GCC_WARN_ABOUT_RETURN_TYPE = YES_ERROR;
				GCC_WARN_UNDECLARED_SELECTOR = YES;
				GCC_WARN_UNINITIALIZED_AUTOS = YES_AGGRESSIVE;
				GCC_WARN_UNUSED_FUNCTION = YES;
				GCC_WARN_UNUSED_VARIABLE = YES;
				IPHONEOS_DEPLOYMENT_TARGET = 15.0;
				MTL_ENABLE_DEBUG_INFO = INCLUDE_SOURCE;
				MTL_FAST_MATH = YES;
				ONLY_ACTIVE_ARCH = YES;
				SDKROOT = iphoneos;
				SWIFT_ACTIVE_COMPILATION_CONDITIONS = DEBUG;
				SWIFT_OPTIMIZATION_LEVEL = "-Onone";
			};
			name = Debug;
		};
		53D138CE27425E0800E05A70 /* Release */ = {
			isa = XCBuildConfiguration;
			buildSettings = {
				ALWAYS_SEARCH_USER_PATHS = NO;
				CLANG_ANALYZER_NONNULL = YES;
				CLANG_ANALYZER_NUMBER_OBJECT_CONVERSION = YES_AGGRESSIVE;
				CLANG_CXX_LANGUAGE_STANDARD = "gnu++17";
				CLANG_CXX_LIBRARY = "libc++";
				CLANG_ENABLE_MODULES = YES;
				CLANG_ENABLE_OBJC_ARC = YES;
				CLANG_ENABLE_OBJC_WEAK = YES;
				CLANG_WARN_BLOCK_CAPTURE_AUTORELEASING = YES;
				CLANG_WARN_BOOL_CONVERSION = YES;
				CLANG_WARN_COMMA = YES;
				CLANG_WARN_CONSTANT_CONVERSION = YES;
				CLANG_WARN_DEPRECATED_OBJC_IMPLEMENTATIONS = YES;
				CLANG_WARN_DIRECT_OBJC_ISA_USAGE = YES_ERROR;
				CLANG_WARN_DOCUMENTATION_COMMENTS = YES;
				CLANG_WARN_EMPTY_BODY = YES;
				CLANG_WARN_ENUM_CONVERSION = YES;
				CLANG_WARN_INFINITE_RECURSION = YES;
				CLANG_WARN_INT_CONVERSION = YES;
				CLANG_WARN_NON_LITERAL_NULL_CONVERSION = YES;
				CLANG_WARN_OBJC_IMPLICIT_RETAIN_SELF = YES;
				CLANG_WARN_OBJC_LITERAL_CONVERSION = YES;
				CLANG_WARN_OBJC_ROOT_CLASS = YES_ERROR;
				CLANG_WARN_QUOTED_INCLUDE_IN_FRAMEWORK_HEADER = YES;
				CLANG_WARN_RANGE_LOOP_ANALYSIS = YES;
				CLANG_WARN_STRICT_PROTOTYPES = YES;
				CLANG_WARN_SUSPICIOUS_MOVE = YES;
				CLANG_WARN_UNGUARDED_AVAILABILITY = YES_AGGRESSIVE;
				CLANG_WARN_UNREACHABLE_CODE = YES;
				CLANG_WARN__DUPLICATE_METHOD_MATCH = YES;
				COPY_PHASE_STRIP = NO;
				DEBUG_INFORMATION_FORMAT = "dwarf-with-dsym";
				ENABLE_NS_ASSERTIONS = NO;
				ENABLE_STRICT_OBJC_MSGSEND = YES;
				GCC_C_LANGUAGE_STANDARD = gnu11;
				GCC_NO_COMMON_BLOCKS = YES;
				GCC_WARN_64_TO_32_BIT_CONVERSION = YES;
				GCC_WARN_ABOUT_RETURN_TYPE = YES_ERROR;
				GCC_WARN_UNDECLARED_SELECTOR = YES;
				GCC_WARN_UNINITIALIZED_AUTOS = YES_AGGRESSIVE;
				GCC_WARN_UNUSED_FUNCTION = YES;
				GCC_WARN_UNUSED_VARIABLE = YES;
				IPHONEOS_DEPLOYMENT_TARGET = 15.0;
				MTL_ENABLE_DEBUG_INFO = NO;
				MTL_FAST_MATH = YES;
				SDKROOT = iphoneos;
				SWIFT_COMPILATION_MODE = wholemodule;
				SWIFT_OPTIMIZATION_LEVEL = "-O";
				VALIDATE_PRODUCT = YES;
			};
			name = Release;
		};
		53D138D027425E0800E05A70 /* Debug */ = {
			isa = XCBuildConfiguration;
			buildSettings = {
				ASSETCATALOG_COMPILER_APPICON_NAME = AppIcon;
				ASSETCATALOG_COMPILER_GLOBAL_ACCENT_COLOR_NAME = AccentColor;
				CODE_SIGN_STYLE = Automatic;
				CURRENT_PROJECT_VERSION = 1;
				DEVELOPMENT_TEAM = V8F84V937W;
				GENERATE_INFOPLIST_FILE = YES;
				INFOPLIST_FILE = ImgurRedo/Info.plist;
				INFOPLIST_KEY_UIApplicationSupportsIndirectInputEvents = YES;
				INFOPLIST_KEY_UILaunchStoryboardName = LaunchScreen;
				INFOPLIST_KEY_UIMainStoryboardFile = Main;
				INFOPLIST_KEY_UISupportedInterfaceOrientations_iPad = "UIInterfaceOrientationPortrait UIInterfaceOrientationPortraitUpsideDown UIInterfaceOrientationLandscapeLeft UIInterfaceOrientationLandscapeRight";
				INFOPLIST_KEY_UISupportedInterfaceOrientations_iPhone = "UIInterfaceOrientationPortrait UIInterfaceOrientationLandscapeLeft UIInterfaceOrientationLandscapeRight";
				LD_RUNPATH_SEARCH_PATHS = (
					"$(inherited)",
					"@executable_path/Frameworks",
				);
				MARKETING_VERSION = 1.0;
				PRODUCT_BUNDLE_IDENTIFIER = com.quy13.ImgurRedo;
				PRODUCT_NAME = "$(TARGET_NAME)";
				SWIFT_EMIT_LOC_STRINGS = YES;
				SWIFT_VERSION = 5.0;
				TARGETED_DEVICE_FAMILY = "1,2";
			};
			name = Debug;
		};
		53D138D127425E0800E05A70 /* Release */ = {
			isa = XCBuildConfiguration;
			buildSettings = {
				ASSETCATALOG_COMPILER_APPICON_NAME = AppIcon;
				ASSETCATALOG_COMPILER_GLOBAL_ACCENT_COLOR_NAME = AccentColor;
				CODE_SIGN_STYLE = Automatic;
				CURRENT_PROJECT_VERSION = 1;
				DEVELOPMENT_TEAM = V8F84V937W;
				GENERATE_INFOPLIST_FILE = YES;
				INFOPLIST_FILE = ImgurRedo/Info.plist;
				INFOPLIST_KEY_UIApplicationSupportsIndirectInputEvents = YES;
				INFOPLIST_KEY_UILaunchStoryboardName = LaunchScreen;
				INFOPLIST_KEY_UIMainStoryboardFile = Main;
				INFOPLIST_KEY_UISupportedInterfaceOrientations_iPad = "UIInterfaceOrientationPortrait UIInterfaceOrientationPortraitUpsideDown UIInterfaceOrientationLandscapeLeft UIInterfaceOrientationLandscapeRight";
				INFOPLIST_KEY_UISupportedInterfaceOrientations_iPhone = "UIInterfaceOrientationPortrait UIInterfaceOrientationLandscapeLeft UIInterfaceOrientationLandscapeRight";
				LD_RUNPATH_SEARCH_PATHS = (
					"$(inherited)",
					"@executable_path/Frameworks",
				);
				MARKETING_VERSION = 1.0;
				PRODUCT_BUNDLE_IDENTIFIER = com.quy13.ImgurRedo;
				PRODUCT_NAME = "$(TARGET_NAME)";
				SWIFT_EMIT_LOC_STRINGS = YES;
				SWIFT_VERSION = 5.0;
				TARGETED_DEVICE_FAMILY = "1,2";
			};
			name = Release;
		};
/* End XCBuildConfiguration section */

/* Begin XCConfigurationList section */
		53D138B627425E0400E05A70 /* Build configuration list for PBXProject "ImgurRedo" */ = {
			isa = XCConfigurationList;
			buildConfigurations = (
				53D138CD27425E0800E05A70 /* Debug */,
				53D138CE27425E0800E05A70 /* Release */,
			);
			defaultConfigurationIsVisible = 0;
			defaultConfigurationName = Release;
		};
		53D138CF27425E0800E05A70 /* Build configuration list for PBXNativeTarget "ImgurRedo" */ = {
			isa = XCConfigurationList;
			buildConfigurations = (
				53D138D027425E0800E05A70 /* Debug */,
				53D138D127425E0800E05A70 /* Release */,
			);
			defaultConfigurationIsVisible = 0;
			defaultConfigurationName = Release;
		};
/* End XCConfigurationList section */
	};
	rootObject = 53D138B327425E0400E05A70 /* Project object */;
}
